
Microsoft Visual Studio Solution File, Format Version 12.00
# Visual Studio Version 17
VisualStudioVersion = 17.6.33815.320
MinimumVisualStudioVersion = 10.0.40219.1
Project("{FAE04EC0-301F-11D3-BF4B-00C04F79EFBC}") = "WorkingOnItServer.Api", "WorkingOnItServer.Api\WorkingOnItServer.Api.csproj", "{512EA43F-DA70-4F14-A660-2F0A3E3EEBD6}"
EndProject
Global
	GlobalSection(SolutionConfigurationPlatforms) = preSolution
		Debug|Any CPU = Debug|Any CPU
		Release|Any CPU = Release|Any CPU
	EndGlobalSection
	GlobalSection(ProjectConfigurationPlatforms) = postSolution
		{512EA43F-DA70-4F14-A660-2F0A3E3EEBD6}.Debug|Any CPU.ActiveCfg = Debug|Any CPU
		{512EA43F-DA70-4F14-A660-2F0A3E3EEBD6}.Debug|Any CPU.Build.0 = Debug|Any CPU
		{512EA43F-DA70-4F14-A660-2F0A3E3EEBD6}.Release|Any CPU.ActiveCfg = Release|Any CPU
		{512EA43F-DA70-4F14-A660-2F0A3E3EEBD6}.Release|Any CPU.Build.0 = Release|Any CPU
	EndGlobalSection
	GlobalSection(SolutionProperties) = preSolution
		HideSolutionNode = FALSE
	EndGlobalSection
	GlobalSection(ExtensibilityGlobals) = postSolution
		SolutionGuid = {02A183EC-B66D-486A-8AF7-D92784251FC0}
	EndGlobalSection
EndGlobal
